
Microsoft Visual Studio Solution File, Format Version 12.00
# Visual Studio 15
Project("{FAE04EC0-301F-11D3-BF4B-00C04F79EFBC}") = "Assembly-CSharp", "Assembly-CSharp.csproj", "{B39FD47F-D7D4-100B-AC13-805E5203A4BA}"
EndProject
Project("{FAE04EC0-301F-11D3-BF4B-00C04F79EFBC}") = "GoogleMobileAds", "GoogleMobileAds.csproj", "{707C0951-B089-8DAB-8893-735B2AD7DBEB}"
EndProject
Project("{FAE04EC0-301F-11D3-BF4B-00C04F79EFBC}") = "GoogleMobileAds.Editor", "GoogleMobileAds.Editor.csproj", "{49732FC5-43AE-D1C2-FCA2-461430F44B67}"
EndProject
Global
	GlobalSection(SolutionConfigurationPlatforms) = preSolution
		Debug|Any CPU = Debug|Any CPU
		Release|Any CPU = Release|Any CPU
	EndGlobalSection
	GlobalSection(ProjectConfigurationPlatforms) = postSolution
		{B39FD47F-D7D4-100B-AC13-805E5203A4BA}.Debug|Any CPU.ActiveCfg = Debug|Any CPU
		{B39FD47F-D7D4-100B-AC13-805E5203A4BA}.Debug|Any CPU.Build.0 = Debug|Any CPU
		{B39FD47F-D7D4-100B-AC13-805E5203A4BA}.Release|Any CPU.ActiveCfg = Release|Any CPU
		{B39FD47F-D7D4-100B-AC13-805E5203A4BA}.Release|Any CPU.Build.0 = Release|Any CPU
		{707C0951-B089-8DAB-8893-735B2AD7DBEB}.Debug|Any CPU.ActiveCfg = Debug|Any CPU
		{707C0951-B089-8DAB-8893-735B2AD7DBEB}.Debug|Any CPU.Build.0 = Debug|Any CPU
		{707C0951-B089-8DAB-8893-735B2AD7DBEB}.Release|Any CPU.ActiveCfg = Release|Any CPU
		{707C0951-B089-8DAB-8893-735B2AD7DBEB}.Release|Any CPU.Build.0 = Release|Any CPU
		{49732FC5-43AE-D1C2-FCA2-461430F44B67}.Debug|Any CPU.ActiveCfg = Debug|Any CPU
		{49732FC5-43AE-D1C2-FCA2-461430F44B67}.Debug|Any CPU.Build.0 = Debug|Any CPU
		{49732FC5-43AE-D1C2-FCA2-461430F44B67}.Release|Any CPU.ActiveCfg = Release|Any CPU
		{49732FC5-43AE-D1C2-FCA2-461430F44B67}.Release|Any CPU.Build.0 = Release|Any CPU
	EndGlobalSection
	GlobalSection(SolutionProperties) = preSolution
		HideSolutionNode = FALSE
	EndGlobalSection
EndGlobal
